
Microsoft Visual Studio Solution File, Format Version 12.00
# Visual Studio 15
VisualStudioVersion = 15.0.27703.2042
MinimumVisualStudioVersion = 10.0.40219.1
Project("{FAE04EC0-301F-11D3-BF4B-00C04F79EFBC}") = "YinChengWebClient", "YinChengWebClient\YinChengWebClient.csproj", "{B2877DCC-F1D0-419C-A37B-6215A8BA5DCD}"
EndProject
Global
	GlobalSection(SolutionConfigurationPlatforms) = preSolution
		Debug|Any CPU = Debug|Any CPU
		Debug|x64 = Debug|x64
		Debug|x86 = Debug|x86
		Release|Any CPU = Release|Any CPU
		Release|x64 = Release|x64
		Release|x86 = Release|x86
	EndGlobalSection
	GlobalSection(ProjectConfigurationPlatforms) = postSolution
		{B2877DCC-F1D0-419C-A37B-6215A8BA5DCD}.Debug|Any CPU.ActiveCfg = Debug|Any CPU
		{B2877DCC-F1D0-419C-A37B-6215A8BA5DCD}.Debug|Any CPU.Build.0 = Debug|Any CPU
		{B2877DCC-F1D0-419C-A37B-6215A8BA5DCD}.Debug|x64.ActiveCfg = Debug|x64
		{B2877DCC-F1D0-419C-A37B-6215A8BA5DCD}.Debug|x64.Build.0 = Debug|x64
		{B2877DCC-F1D0-419C-A37B-6215A8BA5DCD}.Debug|x86.ActiveCfg = Debug|x86
		{B2877DCC-F1D0-419C-A37B-6215A8BA5DCD}.Debug|x86.Build.0 = Debug|x86
		{B2877DCC-F1D0-419C-A37B-6215A8BA5DCD}.Release|Any CPU.ActiveCfg = Release|Any CPU
		{B2877DCC-F1D0-419C-A37B-6215A8BA5DCD}.Release|Any CPU.Build.0 = Release|Any CPU
		{B2877DCC-F1D0-419C-A37B-6215A8BA5DCD}.Release|x64.ActiveCfg = Release|x64
		{B2877DCC-F1D0-419C-A37B-6215A8BA5DCD}.Release|x64.Build.0 = Release|x64
		{B2877DCC-F1D0-419C-A37B-6215A8BA5DCD}.Release|x86.ActiveCfg = Release|x86
		{B2877DCC-F1D0-419C-A37B-6215A8BA5DCD}.Release|x86.Build.0 = Release|x86
	EndGlobalSection
	GlobalSection(SolutionProperties) = preSolution
		HideSolutionNode = FALSE
	EndGlobalSection
	GlobalSection(ExtensibilityGlobals) = postSolution
		SolutionGuid = {B4EAAB35-D543-414B-8548-8B551928355B}
	EndGlobalSection
EndGlobal
