
Microsoft Visual Studio Solution File, Format Version 12.00
# Visual Studio 15
VisualStudioVersion = 15.0.27703.2042
MinimumVisualStudioVersion = 10.0.40219.1
Project("{FAE04EC0-301F-11D3-BF4B-00C04F79EFBC}") = "SeleniumSpider", "SeleniumSpider\SeleniumSpider.csproj", "{5888D9BC-FD3A-4555-9556-94A0BB18E232}"
EndProject
Global
	GlobalSection(SolutionConfigurationPlatforms) = preSolution
		Debug|Any CPU = Debug|Any CPU
		Release|Any CPU = Release|Any CPU
	EndGlobalSection
	GlobalSection(ProjectConfigurationPlatforms) = postSolution
		{5888D9BC-FD3A-4555-9556-94A0BB18E232}.Debug|Any CPU.ActiveCfg = Debug|Any CPU
		{5888D9BC-FD3A-4555-9556-94A0BB18E232}.Debug|Any CPU.Build.0 = Debug|Any CPU
		{5888D9BC-FD3A-4555-9556-94A0BB18E232}.Release|Any CPU.ActiveCfg = Release|Any CPU
		{5888D9BC-FD3A-4555-9556-94A0BB18E232}.Release|Any CPU.Build.0 = Release|Any CPU
	EndGlobalSection
	GlobalSection(SolutionProperties) = preSolution
		HideSolutionNode = FALSE
	EndGlobalSection
	GlobalSection(ExtensibilityGlobals) = postSolution
		SolutionGuid = {EA667E8D-DE48-45B7-B55C-39284EE618C2}
	EndGlobalSection
EndGlobal
