
Microsoft Visual Studio Solution File, Format Version 12.00
# Visual Studio 15
VisualStudioVersion = 15.0.28307.572
MinimumVisualStudioVersion = 10.0.40219.1
Project("{FAE04EC0-301F-11D3-BF4B-00C04F79EFBC}") = "SampleWebApplicationApi", "SampleWebApplicationApi\SampleWebApplicationApi.csproj", "{20702157-1D1D-4B05-8D06-8EF8EAE1CCEC}"
EndProject
Global
	GlobalSection(SolutionConfigurationPlatforms) = preSolution
		Debug|Any CPU = Debug|Any CPU
		Release|Any CPU = Release|Any CPU
	EndGlobalSection
	GlobalSection(ProjectConfigurationPlatforms) = postSolution
		{20702157-1D1D-4B05-8D06-8EF8EAE1CCEC}.Debug|Any CPU.ActiveCfg = Debug|Any CPU
		{20702157-1D1D-4B05-8D06-8EF8EAE1CCEC}.Debug|Any CPU.Build.0 = Debug|Any CPU
		{20702157-1D1D-4B05-8D06-8EF8EAE1CCEC}.Release|Any CPU.ActiveCfg = Release|Any CPU
		{20702157-1D1D-4B05-8D06-8EF8EAE1CCEC}.Release|Any CPU.Build.0 = Release|Any CPU
	EndGlobalSection
	GlobalSection(SolutionProperties) = preSolution
		HideSolutionNode = FALSE
	EndGlobalSection
	GlobalSection(ExtensibilityGlobals) = postSolution
		SolutionGuid = {60610D72-83D0-4D72-B636-C54F2F910C4F}
	EndGlobalSection
EndGlobal
